
Microsoft Visual Studio Solution File, Format Version 12.00
# Visual Studio Version 17
VisualStudioVersion = 17.3.32825.248
MinimumVisualStudioVersion = 10.0.40219.1
Project("{FAE04EC0-301F-11D3-BF4B-00C04F79EFBC}") = "AccountEventReader.Api", "AccountEventReader.Api\AccountEventReader.Api.csproj", "{276DFC17-87EF-49C7-B37C-023AB1D234A8}"
EndProject
Global
	GlobalSection(SolutionConfigurationPlatforms) = preSolution
		Debug|Any CPU = Debug|Any CPU
		Release|Any CPU = Release|Any CPU
	EndGlobalSection
	GlobalSection(ProjectConfigurationPlatforms) = postSolution
		{276DFC17-87EF-49C7-B37C-023AB1D234A8}.Debug|Any CPU.ActiveCfg = Debug|Any CPU
		{276DFC17-87EF-49C7-B37C-023AB1D234A8}.Debug|Any CPU.Build.0 = Debug|Any CPU
		{276DFC17-87EF-49C7-B37C-023AB1D234A8}.Release|Any CPU.ActiveCfg = Release|Any CPU
		{276DFC17-87EF-49C7-B37C-023AB1D234A8}.Release|Any CPU.Build.0 = Release|Any CPU
	EndGlobalSection
	GlobalSection(SolutionProperties) = preSolution
		HideSolutionNode = FALSE
	EndGlobalSection
	GlobalSection(ExtensibilityGlobals) = postSolution
		SolutionGuid = {4554DCC3-1D81-4435-A9C8-EC7BC50C638F}
	EndGlobalSection
EndGlobal
